
Microsoft Visual Studio Solution File, Format Version 12.00
# Visual Studio Version 16
VisualStudioVersion = 16.0.30517.126
MinimumVisualStudioVersion = 10.0.40219.1
Project("{FAE04EC0-301F-11D3-BF4B-00C04F79EFBC}") = "eShopSolution.WebApp", "eShopSolution.WebApp\eShopSolution.WebApp.csproj", "{43CB38FB-E61C-4170-BE37-4A24A318F5CF}"
EndProject
Global
	GlobalSection(SolutionConfigurationPlatforms) = preSolution
		Debug|Any CPU = Debug|Any CPU
		Release|Any CPU = Release|Any CPU
	EndGlobalSection
	GlobalSection(ProjectConfigurationPlatforms) = postSolution
		{43CB38FB-E61C-4170-BE37-4A24A318F5CF}.Debug|Any CPU.ActiveCfg = Debug|Any CPU
		{43CB38FB-E61C-4170-BE37-4A24A318F5CF}.Debug|Any CPU.Build.0 = Debug|Any CPU
		{43CB38FB-E61C-4170-BE37-4A24A318F5CF}.Release|Any CPU.ActiveCfg = Release|Any CPU
		{43CB38FB-E61C-4170-BE37-4A24A318F5CF}.Release|Any CPU.Build.0 = Release|Any CPU
	EndGlobalSection
	GlobalSection(SolutionProperties) = preSolution
		HideSolutionNode = FALSE
	EndGlobalSection
	GlobalSection(ExtensibilityGlobals) = postSolution
		SolutionGuid = {75507462-9DCF-4764-A145-BC62D609DA1D}
	EndGlobalSection
EndGlobal
